
Microsoft Visual Studio Solution File, Format Version 12.00
# Visual Studio Version 17
VisualStudioVersion = 17.12.35707.178
MinimumVisualStudioVersion = 10.0.40219.1
Project("{FAE04EC0-301F-11D3-BF4B-00C04F79EFBC}") = "CPAP-Exporter.UI", "CPAP-Exporter.UI\CPAP-Exporter.UI.csproj", "{51F59499-6735-47FC-B7EF-BFAF0D3132EE}"
EndProject
Project("{FAE04EC0-301F-11D3-BF4B-00C04F79EFBC}") = "CPAP-Exporter.UI.Tests", "CPAP-Exporter.Tests\CPAP-Exporter.UI.Tests.csproj", "{5B653C34-1C48-414D-8AA8-0D2163501AC8}"
	ProjectSection(ProjectDependencies) = postProject
		{51F59499-6735-47FC-B7EF-BFAF0D3132EE} = {51F59499-6735-47FC-B7EF-BFAF0D3132EE}
	EndProjectSection
EndProject
Project("{FAE04EC0-301F-11D3-BF4B-00C04F79EFBC}") = "CPAP-Exporter.Core", "CPAP-Exporter.Core\CPAP-Exporter.Core.csproj", "{0E9702F4-F99E-4E62-B5E6-39319351F546}"
EndProject
Project("{FAE04EC0-301F-11D3-BF4B-00C04F79EFBC}") = "CPAP-Exporter.Core.Tests", "CPAP-Exporter.Core.Tests\CPAP-Exporter.Core.Tests.csproj", "{54E61AB0-66D6-4D98-8617-3AF52E9B8920}"
EndProject
Project("{C7167F0D-BC9F-4E6E-AFE1-012C56B48DB5}") = "WapProj", "WapProj\WapProj.wapproj", "{FECB0077-5DFC-41EF-9322-98148AACB1D5}"
EndProject
Global
	GlobalSection(SolutionConfigurationPlatforms) = preSolution
		Debug|Any CPU = Debug|Any CPU
		Debug|ARM = Debug|ARM
		Debug|ARM64 = Debug|ARM64
		Debug|x64 = Debug|x64
		Debug|x86 = Debug|x86
		Release|Any CPU = Release|Any CPU
		Release|ARM = Release|ARM
		Release|ARM64 = Release|ARM64
		Release|x64 = Release|x64
		Release|x86 = Release|x86
	EndGlobalSection
	GlobalSection(ProjectConfigurationPlatforms) = postSolution
		{51F59499-6735-47FC-B7EF-BFAF0D3132EE}.Debug|Any CPU.ActiveCfg = Debug|Any CPU
		{51F59499-6735-47FC-B7EF-BFAF0D3132EE}.Debug|Any CPU.Build.0 = Debug|Any CPU
		{51F59499-6735-47FC-B7EF-BFAF0D3132EE}.Debug|ARM.ActiveCfg = Debug|Any CPU
		{51F59499-6735-47FC-B7EF-BFAF0D3132EE}.Debug|ARM.Build.0 = Debug|Any CPU
		{51F59499-6735-47FC-B7EF-BFAF0D3132EE}.Debug|ARM64.ActiveCfg = Debug|Any CPU
		{51F59499-6735-47FC-B7EF-BFAF0D3132EE}.Debug|ARM64.Build.0 = Debug|Any CPU
		{51F59499-6735-47FC-B7EF-BFAF0D3132EE}.Debug|x64.ActiveCfg = Debug|Any CPU
		{51F59499-6735-47FC-B7EF-BFAF0D3132EE}.Debug|x64.Build.0 = Debug|Any CPU
		{51F59499-6735-47FC-B7EF-BFAF0D3132EE}.Debug|x86.ActiveCfg = Debug|Any CPU
		{51F59499-6735-47FC-B7EF-BFAF0D3132EE}.Debug|x86.Build.0 = Debug|Any CPU
		{51F59499-6735-47FC-B7EF-BFAF0D3132EE}.Release|Any CPU.ActiveCfg = Release|Any CPU
		{51F59499-6735-47FC-B7EF-BFAF0D3132EE}.Release|Any CPU.Build.0 = Release|Any CPU
		{51F59499-6735-47FC-B7EF-BFAF0D3132EE}.Release|ARM.ActiveCfg = Release|Any CPU
		{51F59499-6735-47FC-B7EF-BFAF0D3132EE}.Release|ARM.Build.0 = Release|Any CPU
		{51F59499-6735-47FC-B7EF-BFAF0D3132EE}.Release|ARM64.ActiveCfg = Release|Any CPU
		{51F59499-6735-47FC-B7EF-BFAF0D3132EE}.Release|ARM64.Build.0 = Release|Any CPU
		{51F59499-6735-47FC-B7EF-BFAF0D3132EE}.Release|x64.ActiveCfg = Release|Any CPU
		{51F59499-6735-47FC-B7EF-BFAF0D3132EE}.Release|x64.Build.0 = Release|Any CPU
		{51F59499-6735-47FC-B7EF-BFAF0D3132EE}.Release|x86.ActiveCfg = Release|Any CPU
		{51F59499-6735-47FC-B7EF-BFAF0D3132EE}.Release|x86.Build.0 = Release|Any CPU
		{5B653C34-1C48-414D-8AA8-0D2163501AC8}.Debug|Any CPU.ActiveCfg = Debug|Any CPU
		{5B653C34-1C48-414D-8AA8-0D2163501AC8}.Debug|Any CPU.Build.0 = Debug|Any CPU
		{5B653C34-1C48-414D-8AA8-0D2163501AC8}.Debug|ARM.ActiveCfg = Debug|Any CPU
		{5B653C34-1C48-414D-8AA8-0D2163501AC8}.Debug|ARM.Build.0 = Debug|Any CPU
		{5B653C34-1C48-414D-8AA8-0D2163501AC8}.Debug|ARM64.ActiveCfg = Debug|Any CPU
		{5B653C34-1C48-414D-8AA8-0D2163501AC8}.Debug|ARM64.Build.0 = Debug|Any CPU
		{5B653C34-1C48-414D-8AA8-0D2163501AC8}.Debug|x64.ActiveCfg = Debug|Any CPU
		{5B653C34-1C48-414D-8AA8-0D2163501AC8}.Debug|x64.Build.0 = Debug|Any CPU
		{5B653C34-1C48-414D-8AA8-0D2163501AC8}.Debug|x86.ActiveCfg = Debug|Any CPU
		{5B653C34-1C48-414D-8AA8-0D2163501AC8}.Debug|x86.Build.0 = Debug|Any CPU
		{5B653C34-1C48-414D-8AA8-0D2163501AC8}.Release|Any CPU.ActiveCfg = Release|Any CPU
		{5B653C34-1C48-414D-8AA8-0D2163501AC8}.Release|Any CPU.Build.0 = Release|Any CPU
		{5B653C34-1C48-414D-8AA8-0D2163501AC8}.Release|ARM.ActiveCfg = Release|Any CPU
		{5B653C34-1C48-414D-8AA8-0D2163501AC8}.Release|ARM.Build.0 = Release|Any CPU
		{5B653C34-1C48-414D-8AA8-0D2163501AC8}.Release|ARM64.ActiveCfg = Release|Any CPU
		{5B653C34-1C48-414D-8AA8-0D2163501AC8}.Release|ARM64.Build.0 = Release|Any CPU
		{5B653C34-1C48-414D-8AA8-0D2163501AC8}.Release|x64.ActiveCfg = Release|Any CPU
		{5B653C34-1C48-414D-8AA8-0D2163501AC8}.Release|x64.Build.0 = Release|Any CPU
		{5B653C34-1C48-414D-8AA8-0D2163501AC8}.Release|x86.ActiveCfg = Release|Any CPU
		{5B653C34-1C48-414D-8AA8-0D2163501AC8}.Release|x86.Build.0 = Release|Any CPU
		{0E9702F4-F99E-4E62-B5E6-39319351F546}.Debug|Any CPU.ActiveCfg = Debug|Any CPU
		{0E9702F4-F99E-4E62-B5E6-39319351F546}.Debug|Any CPU.Build.0 = Debug|Any CPU
		{0E9702F4-F99E-4E62-B5E6-39319351F546}.Debug|ARM.ActiveCfg = Debug|Any CPU
		{0E9702F4-F99E-4E62-B5E6-39319351F546}.Debug|ARM.Build.0 = Debug|Any CPU
		{0E9702F4-F99E-4E62-B5E6-39319351F546}.Debug|ARM64.ActiveCfg = Debug|Any CPU
		{0E9702F4-F99E-4E62-B5E6-39319351F546}.Debug|ARM64.Build.0 = Debug|Any CPU
		{0E9702F4-F99E-4E62-B5E6-39319351F546}.Debug|x64.ActiveCfg = Debug|Any CPU
		{0E9702F4-F99E-4E62-B5E6-39319351F546}.Debug|x64.Build.0 = Debug|Any CPU
		{0E9702F4-F99E-4E62-B5E6-39319351F546}.Debug|x86.ActiveCfg = Debug|Any CPU
		{0E9702F4-F99E-4E62-B5E6-39319351F546}.Debug|x86.Build.0 = Debug|Any CPU
		{0E9702F4-F99E-4E62-B5E6-39319351F546}.Release|Any CPU.ActiveCfg = Release|Any CPU
		{0E9702F4-F99E-4E62-B5E6-39319351F546}.Release|Any CPU.Build.0 = Release|Any CPU
		{0E9702F4-F99E-4E62-B5E6-39319351F546}.Release|ARM.ActiveCfg = Release|Any CPU
		{0E9702F4-F99E-4E62-B5E6-39319351F546}.Release|ARM.Build.0 = Release|Any CPU
		{0E9702F4-F99E-4E62-B5E6-39319351F546}.Release|ARM64.ActiveCfg = Release|Any CPU
		{0E9702F4-F99E-4E62-B5E6-39319351F546}.Release|ARM64.Build.0 = Release|Any CPU
		{0E9702F4-F99E-4E62-B5E6-39319351F546}.Release|x64.ActiveCfg = Release|Any CPU
		{0E9702F4-F99E-4E62-B5E6-39319351F546}.Release|x64.Build.0 = Release|Any CPU
		{0E9702F4-F99E-4E62-B5E6-39319351F546}.Release|x86.ActiveCfg = Release|Any CPU
		{0E9702F4-F99E-4E62-B5E6-39319351F546}.Release|x86.Build.0 = Release|Any CPU
		{54E61AB0-66D6-4D98-8617-3AF52E9B8920}.Debug|Any CPU.ActiveCfg = Debug|Any CPU
		{54E61AB0-66D6-4D98-8617-3AF52E9B8920}.Debug|Any CPU.Build.0 = Debug|Any CPU
		{54E61AB0-66D6-4D98-8617-3AF52E9B8920}.Debug|ARM.ActiveCfg = Debug|Any CPU
		{54E61AB0-66D6-4D98-8617-3AF52E9B8920}.Debug|ARM.Build.0 = Debug|Any CPU
		{54E61AB0-66D6-4D98-8617-3AF52E9B8920}.Debug|ARM64.ActiveCfg = Debug|Any CPU
		{54E61AB0-66D6-4D98-8617-3AF52E9B8920}.Debug|ARM64.Build.0 = Debug|Any CPU
		{54E61AB0-66D6-4D98-8617-3AF52E9B8920}.Debug|x64.ActiveCfg = Debug|Any CPU
		{54E61AB0-66D6-4D98-8617-3AF52E9B8920}.Debug|x64.Build.0 = Debug|Any CPU
		{54E61AB0-66D6-4D98-8617-3AF52E9B8920}.Debug|x86.ActiveCfg = Debug|Any CPU
		{54E61AB0-66D6-4D98-8617-3AF52E9B8920}.Debug|x86.Build.0 = Debug|Any CPU
		{54E61AB0-66D6-4D98-8617-3AF52E9B8920}.Release|Any CPU.ActiveCfg = Release|Any CPU
		{54E61AB0-66D6-4D98-8617-3AF52E9B8920}.Release|Any CPU.Build.0 = Release|Any CPU
		{54E61AB0-66D6-4D98-8617-3AF52E9B8920}.Release|ARM.ActiveCfg = Release|Any CPU
		{54E61AB0-66D6-4D98-8617-3AF52E9B8920}.Release|ARM.Build.0 = Release|Any CPU
		{54E61AB0-66D6-4D98-8617-3AF52E9B8920}.Release|ARM64.ActiveCfg = Release|Any CPU
		{54E61AB0-66D6-4D98-8617-3AF52E9B8920}.Release|ARM64.Build.0 = Release|Any CPU
		{54E61AB0-66D6-4D98-8617-3AF52E9B8920}.Release|x64.ActiveCfg = Release|Any CPU
		{54E61AB0-66D6-4D98-8617-3AF52E9B8920}.Release|x64.Build.0 = Release|Any CPU
		{54E61AB0-66D6-4D98-8617-3AF52E9B8920}.Release|x86.ActiveCfg = Release|Any CPU
		{54E61AB0-66D6-4D98-8617-3AF52E9B8920}.Release|x86.Build.0 = Release|Any CPU
		{FECB0077-5DFC-41EF-9322-98148AACB1D5}.Debug|Any CPU.ActiveCfg = Debug|Any CPU
		{FECB0077-5DFC-41EF-9322-98148AACB1D5}.Debug|Any CPU.Build.0 = Debug|Any CPU
		{FECB0077-5DFC-41EF-9322-98148AACB1D5}.Debug|Any CPU.Deploy.0 = Debug|Any CPU
		{FECB0077-5DFC-41EF-9322-98148AACB1D5}.Debug|ARM.ActiveCfg = Debug|ARM
		{FECB0077-5DFC-41EF-9322-98148AACB1D5}.Debug|ARM.Build.0 = Debug|ARM
		{FECB0077-5DFC-41EF-9322-98148AACB1D5}.Debug|ARM.Deploy.0 = Debug|ARM
		{FECB0077-5DFC-41EF-9322-98148AACB1D5}.Debug|ARM64.ActiveCfg = Debug|ARM64
		{FECB0077-5DFC-41EF-9322-98148AACB1D5}.Debug|ARM64.Build.0 = Debug|ARM64
		{FECB0077-5DFC-41EF-9322-98148AACB1D5}.Debug|ARM64.Deploy.0 = Debug|ARM64
		{FECB0077-5DFC-41EF-9322-98148AACB1D5}.Debug|x64.ActiveCfg = Debug|x64
		{FECB0077-5DFC-41EF-9322-98148AACB1D5}.Debug|x64.Build.0 = Debug|x64
		{FECB0077-5DFC-41EF-9322-98148AACB1D5}.Debug|x64.Deploy.0 = Debug|x64
		{FECB0077-5DFC-41EF-9322-98148AACB1D5}.Debug|x86.ActiveCfg = Debug|x86
		{FECB0077-5DFC-41EF-9322-98148AACB1D5}.Debug|x86.Build.0 = Debug|x86
		{FECB0077-5DFC-41EF-9322-98148AACB1D5}.Debug|x86.Deploy.0 = Debug|x86
		{FECB0077-5DFC-41EF-9322-98148AACB1D5}.Release|Any CPU.ActiveCfg = Release|Any CPU
		{FECB0077-5DFC-41EF-9322-98148AACB1D5}.Release|Any CPU.Build.0 = Release|Any CPU
		{FECB0077-5DFC-41EF-9322-98148AACB1D5}.Release|Any CPU.Deploy.0 = Release|Any CPU
		{FECB0077-5DFC-41EF-9322-98148AACB1D5}.Release|ARM.ActiveCfg = Release|ARM
		{FECB0077-5DFC-41EF-9322-98148AACB1D5}.Release|ARM.Build.0 = Release|ARM
		{FECB0077-5DFC-41EF-9322-98148AACB1D5}.Release|ARM.Deploy.0 = Release|ARM
		{FECB0077-5DFC-41EF-9322-98148AACB1D5}.Release|ARM64.ActiveCfg = Release|ARM64
		{FECB0077-5DFC-41EF-9322-98148AACB1D5}.Release|ARM64.Build.0 = Release|ARM64
		{FECB0077-5DFC-41EF-9322-98148AACB1D5}.Release|ARM64.Deploy.0 = Release|ARM64
		{FECB0077-5DFC-41EF-9322-98148AACB1D5}.Release|x64.ActiveCfg = Release|x64
		{FECB0077-5DFC-41EF-9322-98148AACB1D5}.Release|x64.Build.0 = Release|x64
		{FECB0077-5DFC-41EF-9322-98148AACB1D5}.Release|x64.Deploy.0 = Release|x64
		{FECB0077-5DFC-41EF-9322-98148AACB1D5}.Release|x86.ActiveCfg = Release|x86
		{FECB0077-5DFC-41EF-9322-98148AACB1D5}.Release|x86.Build.0 = Release|x86
		{FECB0077-5DFC-41EF-9322-98148AACB1D5}.Release|x86.Deploy.0 = Release|x86
	EndGlobalSection
	GlobalSection(SolutionProperties) = preSolution
		HideSolutionNode = FALSE
	EndGlobalSection
	GlobalSection(ExtensibilityGlobals) = postSolution
		SolutionGuid = {864A709B-ECEA-4D16-9366-EEB495C64A2C}
	EndGlobalSection
EndGlobal
